
Microsoft Visual Studio Solution File, Format Version 12.00
# Visual Studio 15
VisualStudioVersion = 15.0.28307.106
MinimumVisualStudioVersion = 10.0.40219.1
Project("{9A19103F-16F7-4668-BE54-9A1E7A4F7556}") = "AuthServer", "AuthServer\AuthServer.csproj", "{D112BEC6-3BC0-445F-A69E-6BFA20621858}"
EndProject
Project("{9A19103F-16F7-4668-BE54-9A1E7A4F7556}") = "API", "API\API.csproj", "{83936FE8-DB88-40D4-A651-AC907A5E5793}"
EndProject
Global
	GlobalSection(SolutionConfigurationPlatforms) = preSolution
		Debug|Any CPU = Debug|Any CPU
		Release|Any CPU = Release|Any CPU
	EndGlobalSection
	GlobalSection(ProjectConfigurationPlatforms) = postSolution
		{D112BEC6-3BC0-445F-A69E-6BFA20621858}.Debug|Any CPU.ActiveCfg = Debug|Any CPU
		{D112BEC6-3BC0-445F-A69E-6BFA20621858}.Debug|Any CPU.Build.0 = Debug|Any CPU
		{D112BEC6-3BC0-445F-A69E-6BFA20621858}.Release|Any CPU.ActiveCfg = Release|Any CPU
		{D112BEC6-3BC0-445F-A69E-6BFA20621858}.Release|Any CPU.Build.0 = Release|Any CPU
		{83936FE8-DB88-40D4-A651-AC907A5E5793}.Debug|Any CPU.ActiveCfg = Debug|Any CPU
		{83936FE8-DB88-40D4-A651-AC907A5E5793}.Debug|Any CPU.Build.0 = Debug|Any CPU
		{83936FE8-DB88-40D4-A651-AC907A5E5793}.Release|Any CPU.ActiveCfg = Release|Any CPU
		{83936FE8-DB88-40D4-A651-AC907A5E5793}.Release|Any CPU.Build.0 = Release|Any CPU
	EndGlobalSection
	GlobalSection(SolutionProperties) = preSolution
		HideSolutionNode = FALSE
	EndGlobalSection
	GlobalSection(ExtensibilityGlobals) = postSolution
		SolutionGuid = {5832A521-68AE-41F6-953C-DC137325C37E}
	EndGlobalSection
EndGlobal
